
Microsoft Visual Studio Solution File, Format Version 12.00
# Visual Studio Version 17
VisualStudioVersion = 17.9.34728.123
MinimumVisualStudioVersion = 10.0.40219.1
Project("{FAE04EC0-301F-11D3-BF4B-00C04F79EFBC}") = "PUNTO_FERRETERO", "PUNTO_FERRETERO\PUNTO_FERRETERO.csproj", "{BC39A47B-F100-46F4-87FC-F8C242EA42D2}"
EndProject
Project("{FAE04EC0-301F-11D3-BF4B-00C04F79EFBC}") = "PUNTO_FERRETERO.DATA", "PUNTO_FERRETERO.DATA\PUNTO_FERRETERO.DATA.csproj", "{8B917B60-7A9E-44ED-B0B8-82CBFDF2F74C}"
EndProject
Project("{FAE04EC0-301F-11D3-BF4B-00C04F79EFBC}") = "PUNTO_FERRETERO.CORE", "PUNTO_FERRETERO.CORE\PUNTO_FERRETERO.CORE.csproj", "{03A1D57F-CC0D-4E0B-A3F1-F670ED6468F6}"
EndProject
Global
	GlobalSection(SolutionConfigurationPlatforms) = preSolution
		Debug|Any CPU = Debug|Any CPU
		Release|Any CPU = Release|Any CPU
	EndGlobalSection
	GlobalSection(ProjectConfigurationPlatforms) = postSolution
		{BC39A47B-F100-46F4-87FC-F8C242EA42D2}.Debug|Any CPU.ActiveCfg = Debug|Any CPU
		{BC39A47B-F100-46F4-87FC-F8C242EA42D2}.Debug|Any CPU.Build.0 = Debug|Any CPU
		{BC39A47B-F100-46F4-87FC-F8C242EA42D2}.Release|Any CPU.ActiveCfg = Release|Any CPU
		{BC39A47B-F100-46F4-87FC-F8C242EA42D2}.Release|Any CPU.Build.0 = Release|Any CPU
		{8B917B60-7A9E-44ED-B0B8-82CBFDF2F74C}.Debug|Any CPU.ActiveCfg = Debug|Any CPU
		{8B917B60-7A9E-44ED-B0B8-82CBFDF2F74C}.Debug|Any CPU.Build.0 = Debug|Any CPU
		{8B917B60-7A9E-44ED-B0B8-82CBFDF2F74C}.Release|Any CPU.ActiveCfg = Release|Any CPU
		{8B917B60-7A9E-44ED-B0B8-82CBFDF2F74C}.Release|Any CPU.Build.0 = Release|Any CPU
		{03A1D57F-CC0D-4E0B-A3F1-F670ED6468F6}.Debug|Any CPU.ActiveCfg = Debug|Any CPU
		{03A1D57F-CC0D-4E0B-A3F1-F670ED6468F6}.Debug|Any CPU.Build.0 = Debug|Any CPU
		{03A1D57F-CC0D-4E0B-A3F1-F670ED6468F6}.Release|Any CPU.ActiveCfg = Release|Any CPU
		{03A1D57F-CC0D-4E0B-A3F1-F670ED6468F6}.Release|Any CPU.Build.0 = Release|Any CPU
	EndGlobalSection
	GlobalSection(SolutionProperties) = preSolution
		HideSolutionNode = FALSE
	EndGlobalSection
	GlobalSection(ExtensibilityGlobals) = postSolution
		SolutionGuid = {6F70F6FF-7AC2-425F-893B-FB712341C687}
	EndGlobalSection
EndGlobal
